Current date/time:
Fri Apr  3 18:27:40 UTC 2020
Version Terraform:
Terraform v0.12.24
Version pip3
pip 9.0.3 from /usr/lib/python3.6/site-packages (python 3.6)
aws CLI version
aws-cli/2.0.6 Python/3.7.3 Linux/3.10.0-1062.18.1.el7.x86_64 botocore/2.0.0dev10
Version boto3
1.12.35
-----------------------------------------------------
../../terraform init -var-file=../../terraform.tfvars
-----------------------------------------------------

[0m[1mInitializing the backend...[0m

[0m[1mInitializing provider plugins...[0m
- Checking for available provider plugins...
- Downloading plugin for provider "aws" (hashicorp/aws) 2.56.0...

The following providers do not have any version constraints in configuration,
so the latest version was installed.

To prevent automatic upgrades to new major versions that may contain breaking
changes, it is recommended to add version = "..." constraints to the
corresponding provider blocks in configuration, with the constraint strings
suggested below.

* provider.aws: version = "~> 2.56"

[0m[1m[32mTerraform has been successfully initialized![0m[32m[0m
[0m[32m
You may now begin working with Terraform. Try running "terraform plan" to see
any changes that are required for your infrastructure. All Terraform commands
should now work.

If you ever set or change modules or backend configuration for Terraform,
rerun this command to reinitialize your working directory. If you forget, other
commands will detect it and remind you to do so if necessary.[0m
------------------------------------------------------------------------------
../../terraform plan -out=./terraform.tfplans -var-file=../../terraform.tfvars
------------------------------------------------------------------------------
[0m[1mRefreshing Terraform state in-memory prior to plan...[0m
The refreshed state will be used to calculate this plan, but will not be
persisted to local or remote state storage.
[0m

------------------------------------------------------------------------

An execution plan has been generated and is shown below.
Resource actions are indicated with the following symbols:
  [32m+[0m create
[0m
Terraform will perform the following actions:

[1m  # aws_dynamodb_table.mytable[0m will be created[0m[0m
[0m  [32m+[0m[0m resource "aws_dynamodb_table" "mytable" {
      [32m+[0m [0m[1m[0marn[0m[0m              = (known after apply)
      [32m+[0m [0m[1m[0mbilling_mode[0m[0m     = "PROVISIONED"
      [32m+[0m [0m[1m[0mhash_key[0m[0m         = "hashKey"
      [32m+[0m [0m[1m[0mid[0m[0m               = (known after apply)
      [32m+[0m [0m[1m[0mname[0m[0m             = "mytable_TC"
      [32m+[0m [0m[1m[0mrange_key[0m[0m        = "rangeKey"
      [32m+[0m [0m[1m[0mread_capacity[0m[0m    = 1
      [32m+[0m [0m[1m[0mstream_arn[0m[0m       = (known after apply)
      [32m+[0m [0m[1m[0mstream_label[0m[0m     = (known after apply)
      [32m+[0m [0m[1m[0mstream_view_type[0m[0m = (known after apply)
      [32m+[0m [0m[1m[0mwrite_capacity[0m[0m   = 1

      [32m+[0m [0mattribute {
          [32m+[0m [0m[1m[0mname[0m[0m = "hashKey"
          [32m+[0m [0m[1m[0mtype[0m[0m = "S"
        }
      [32m+[0m [0mattribute {
          [32m+[0m [0m[1m[0mname[0m[0m = "rangeKey"
          [32m+[0m [0m[1m[0mtype[0m[0m = "S"
        }

      [32m+[0m [0mpoint_in_time_recovery {
          [32m+[0m [0m[1m[0menabled[0m[0m = (known after apply)
        }

      [32m+[0m [0mserver_side_encryption {
          [32m+[0m [0m[1m[0menabled[0m[0m     = (known after apply)
          [32m+[0m [0m[1m[0mkms_key_arn[0m[0m = (known after apply)
        }
    }

[0m[1mPlan:[0m 1 to add, 0 to change, 0 to destroy.[0m

------------------------------------------------------------------------

This plan was saved to: ./terraform.tfplans

To perform exactly these actions, run the following command to apply:
    terraform apply "./terraform.tfplans"

-------------------------------------------
../../terraform apply "./terraform.tfplans"
-------------------------------------------
[0m[1maws_dynamodb_table.mytable: Creating...[0m[0m
[0m[1maws_dynamodb_table.mytable: Creation complete after 8s [id=mytable_TC][0m[0m
[0m[1m[32m
Apply complete! Resources: 1 added, 0 changed, 0 destroyed.[0m
[0m
The state of your infrastructure has been saved to the path
below. This state is required to modify and destroy your
infrastructure, so keep it safe. To inspect the complete state
use the `terraform show` command.

State path: terraform.tfstate[0m
-------------------------------------------------------------------------------------------------------------------------------------------------
aws dynamodb put-item --table-name mytable_TC --item '{ "hashKey": {"S": "myhashkey"}, "rangeKey": {"S": "myrangekey"}, "noKey": {"S": "nokey"}}'
-------------------------------------------------------------------------------------------------------------------------------------------------
